<?xml version="1.0" encoding="utf-8"?>
<Project ToolsVersion="4.0" xmlns="http://schemas.microsoft.com/developer/msbuild/2003">
  <ItemGroup>
    <Filter Include="Source Files">
      <UniqueIdentifier>{4FC737F1-C7A5-4376-A066-2A32D752A2FF}</UniqueIdentifier>
      <Extensions>cpp;c;cc;cxx;def;odl;idl;hpj;bat;asm;asmx</Extensions>
    </Filter>
    <Filter Include="Header Files">
      <UniqueIdentifier>{93995380-89BD-4b04-88EB-625FBE52EBFB}</UniqueIdentifier>
      <Extensions>h;hh;hpp;hxx;hm;inl;inc;xsd</Extensions>
    </Filter>
    <Filter Include="Resource Files">
      <UniqueIdentifier>{67DA6AB6-F800-4c08-8B7A-83BB121AAD01}</UniqueIdentifier>
      <Extensions>rc;ico;cur;bmp;dlg;rc2;rct;bin;rgs;gif;jpg;jpeg;jpe;resx;tiff;tif;png;wav</Extensions>
    </Filter>
  </ItemGroup>
  <ItemGroup>
    <ClCompile Include="out\build\x64-debug\cmakefiles\3.28.0-msvc1\compileridc\CMakeCCompilerId.c">
      <Filter>Source Files</Filter>
    </ClCompile>
    <ClCompile Include="out\build\x64-debug\cmakefiles\3.28.0-msvc1\compileridcxx\CMakeCXXCompilerId.cpp">
      <Filter>Source Files</Filter>
    </ClCompile>
    <ClCompile Include="sokulib\src\AnimationObject.cpp">
      <Filter>Source Files</Filter>
    </ClCompile>
    <ClCompile Include="sokulib\src\BattleManager.cpp">
      <Filter>Source Files</Filter>
    </ClCompile>
    <ClCompile Include="sokulib\src\BattleMode.cpp">
      <Filter>Source Files</Filter>
    </ClCompile>
    <ClCompile Include="sokulib\src\Camera.cpp">
      <Filter>Source Files</Filter>
    </ClCompile>
    <ClCompile Include="sokulib\src\Cards.cpp">
      <Filter>Source Files</Filter>
    </ClCompile>
    <ClCompile Include="sokulib\src\Character.cpp">
      <Filter>Source Files</Filter>
    </ClCompile>
    <ClCompile Include="sokulib\src\CharacterManager.cpp">
      <Filter>Source Files</Filter>
    </ClCompile>
    <ClCompile Include="sokulib\src\CsvParser.cpp">
      <Filter>Source Files</Filter>
    </ClCompile>
    <ClCompile Include="sokulib\src\DeprecatedElements.cpp">
      <Filter>Source Files</Filter>
    </ClCompile>
    <ClCompile Include="sokulib\src\Design.cpp">
      <Filter>Source Files</Filter>
    </ClCompile>
    <ClCompile Include="sokulib\src\DrawUtils.cpp">
      <Filter>Source Files</Filter>
    </ClCompile>
    <ClCompile Include="sokulib\src\Font.cpp">
      <Filter>Source Files</Filter>
    </ClCompile>
    <ClCompile Include="sokulib\src\FrameData.cpp">
      <Filter>Source Files</Filter>
    </ClCompile>
    <ClCompile Include="sokulib\src\GameObject.cpp">
      <Filter>Source Files</Filter>
    </ClCompile>
    <ClCompile Include="sokulib\src\Hash.cpp">
      <Filter>Source Files</Filter>
    </ClCompile>
    <ClCompile Include="sokulib\src\IEffectManager.cpp">
      <Filter>Source Files</Filter>
    </ClCompile>
    <ClCompile Include="sokulib\src\IFileReader.cpp">
      <Filter>Source Files</Filter>
    </ClCompile>
    <ClCompile Include="sokulib\src\InputManager.cpp">
      <Filter>Source Files</Filter>
    </ClCompile>
    <ClCompile Include="sokulib\src\Key.cpp">
      <Filter>Source Files</Filter>
    </ClCompile>
    <ClCompile Include="sokulib\src\Memory.cpp">
      <Filter>Source Files</Filter>
    </ClCompile>
    <ClCompile Include="sokulib\src\Menus.cpp">
      <Filter>Source Files</Filter>
    </ClCompile>
    <ClCompile Include="sokulib\src\Misc.cpp">
      <Filter>Source Files</Filter>
    </ClCompile>
    <ClCompile Include="sokulib\src\NetObject.cpp">
      <Filter>Source Files</Filter>
    </ClCompile>
    <ClCompile Include="sokulib\src\Packet.cpp">
      <Filter>Source Files</Filter>
    </ClCompile>
    <ClCompile Include="sokulib\src\Player.cpp">
      <Filter>Source Files</Filter>
    </ClCompile>
    <ClCompile Include="sokulib\src\PracticeSettings.cpp">
      <Filter>Source Files</Filter>
    </ClCompile>
    <ClCompile Include="sokulib\src\Profile.cpp">
      <Filter>Source Files</Filter>
    </ClCompile>
    <ClCompile Include="sokulib\src\Renderer.cpp">
      <Filter>Source Files</Filter>
    </ClCompile>
    <ClCompile Include="sokulib\src\Scenes.cpp">
      <Filter>Source Files</Filter>
    </ClCompile>
    <ClCompile Include="sokulib\src\SceneScript.cpp">
      <Filter>Source Files</Filter>
    </ClCompile>
    <ClCompile Include="sokulib\src\SceneSize.cpp">
      <Filter>Source Files</Filter>
    </ClCompile>
    <ClCompile Include="sokulib\src\SoundManager.cpp">
      <Filter>Source Files</Filter>
    </ClCompile>
    <ClCompile Include="sokulib\src\Sprite.cpp">
      <Filter>Source Files</Filter>
    </ClCompile>
    <ClCompile Include="sokulib\src\Stack.cpp">
      <Filter>Source Files</Filter>
    </ClCompile>
    <ClCompile Include="sokulib\src\Stage.cpp">
      <Filter>Source Files</Filter>
    </ClCompile>
    <ClCompile Include="sokulib\src\String.cpp">
      <Filter>Source Files</Filter>
    </ClCompile>
    <ClCompile Include="sokulib\src\TextureManager.cpp">
      <Filter>Source Files</Filter>
    </ClCompile>
    <ClCompile Include="sokulib\src\VTables.cpp">
      <Filter>Source Files</Filter>
    </ClCompile>
    <ClCompile Include="sokulib\src\Weather.cpp">
      <Filter>Source Files</Filter>
    </ClCompile>
    <ClCompile Include="sokulib\src\dlls\D3D9.DLL.cpp">
      <Filter>Source Files</Filter>
    </ClCompile>
    <ClCompile Include="sokulib\src\dlls\D3DX9_33.DLL.cpp">
      <Filter>Source Files</Filter>
    </ClCompile>
    <ClCompile Include="sokulib\src\dlls\GDI32.DLL.cpp">
      <Filter>Source Files</Filter>
    </ClCompile>
    <ClCompile Include="sokulib\src\dlls\IMAGEHLP.DLL.cpp">
      <Filter>Source Files</Filter>
    </ClCompile>
    <ClCompile Include="sokulib\src\dlls\IMM32.DLL.cpp">
      <Filter>Source Files</Filter>
    </ClCompile>
    <ClCompile Include="sokulib\src\dlls\KERNEL32.DLL.cpp">
      <Filter>Source Files</Filter>
    </ClCompile>
    <ClCompile Include="sokulib\src\dlls\OLE32.DLL.cpp">
      <Filter>Source Files</Filter>
    </ClCompile>
    <ClCompile Include="sokulib\src\dlls\USER32.DLL.cpp">
      <Filter>Source Files</Filter>
    </ClCompile>
    <ClCompile Include="sokulib\src\dlls\WINMM.DLL.cpp">
      <Filter>Source Files</Filter>
    </ClCompile>
    <ClCompile Include="sokulib\src\dlls\WS2_32.DLL.cpp">
      <Filter>Source Files</Filter>
    </ClCompile>
    <ClCompile Include="sokulib\src\menus\ConnectMenu.cpp">
      <Filter>Source Files</Filter>
    </ClCompile>
    <ClCompile Include="sokulib\src\menus\PauseMenu.cpp">
      <Filter>Source Files</Filter>
    </ClCompile>
    <ClCompile Include="sokulib\src\menus\ProfileDeckEdit.cpp">
      <Filter>Source Files</Filter>
    </ClCompile>
    <ClCompile Include="sokulib\src\menus\ResultMenu.cpp">
      <Filter>Source Files</Filter>
    </ClCompile>
    <ClCompile Include="src\main.cpp">
      <Filter>Source Files</Filter>
    </ClCompile>
  </ItemGroup>
  <ItemGroup>
    <ClInclude Include="out\build\x64-debug\cmakefiles\showincludes\foo.h">
      <Filter>Header Files</Filter>
    </ClInclude>
    <ClInclude Include="sokulib\directx\d3d9.h">
      <Filter>Header Files</Filter>
    </ClInclude>
    <ClInclude Include="sokulib\directx\d3dx9.h">
      <Filter>Header Files</Filter>
    </ClInclude>
    <ClInclude Include="sokulib\directx\d3dx9anim.h">
      <Filter>Header Files</Filter>
    </ClInclude>
    <ClInclude Include="sokulib\directx\d3dx9core.h">
      <Filter>Header Files</Filter>
    </ClInclude>
    <ClInclude Include="sokulib\directx\d3dx9effect.h">
      <Filter>Header Files</Filter>
    </ClInclude>
    <ClInclude Include="sokulib\directx\d3dx9math.h">
      <Filter>Header Files</Filter>
    </ClInclude>
    <ClInclude Include="sokulib\directx\d3dx9mesh.h">
      <Filter>Header Files</Filter>
    </ClInclude>
    <ClInclude Include="sokulib\directx\d3dx9shader.h">
      <Filter>Header Files</Filter>
    </ClInclude>
    <ClInclude Include="sokulib\directx\d3dx9shape.h">
      <Filter>Header Files</Filter>
    </ClInclude>
    <ClInclude Include="sokulib\directx\d3dx9tex.h">
      <Filter>Header Files</Filter>
    </ClInclude>
    <ClInclude Include="sokulib\directx\d3dx9xof.h">
      <Filter>Header Files</Filter>
    </ClInclude>
    <ClInclude Include="sokulib\directx\dinput.h">
      <Filter>Header Files</Filter>
    </ClInclude>
    <ClInclude Include="sokulib\src\Action.hpp">
      <Filter>Header Files</Filter>
    </ClInclude>
    <ClInclude Include="sokulib\src\AnimationObject.hpp">
      <Filter>Header Files</Filter>
    </ClInclude>
    <ClInclude Include="sokulib\src\BattleManager.hpp">
      <Filter>Header Files</Filter>
    </ClInclude>
    <ClInclude Include="sokulib\src\BattleMode.hpp">
      <Filter>Header Files</Filter>
    </ClInclude>
    <ClInclude Include="sokulib\src\Boxes.hpp">
      <Filter>Header Files</Filter>
    </ClInclude>
    <ClInclude Include="sokulib\src\Camera.hpp">
      <Filter>Header Files</Filter>
    </ClInclude>
    <ClInclude Include="sokulib\src\Cards.hpp">
      <Filter>Header Files</Filter>
    </ClInclude>
    <ClInclude Include="sokulib\src\Character.hpp">
      <Filter>Header Files</Filter>
    </ClInclude>
    <ClInclude Include="sokulib\src\CharacterManager.hpp">
      <Filter>Header Files</Filter>
    </ClInclude>
    <ClInclude Include="sokulib\src\CsvParser.hpp">
      <Filter>Header Files</Filter>
    </ClInclude>
    <ClInclude Include="sokulib\src\DeprecatedElements.hpp">
      <Filter>Header Files</Filter>
    </ClInclude>
    <ClInclude Include="sokulib\src\Deque.hpp">
      <Filter>Header Files</Filter>
    </ClInclude>
    <ClInclude Include="sokulib\src\Design.hpp">
      <Filter>Header Files</Filter>
    </ClInclude>
    <ClInclude Include="sokulib\src\DrawUtils.hpp">
      <Filter>Header Files</Filter>
    </ClInclude>
    <ClInclude Include="sokulib\src\Exceptions.hpp">
      <Filter>Header Files</Filter>
    </ClInclude>
    <ClInclude Include="sokulib\src\Font.hpp">
      <Filter>Header Files</Filter>
    </ClInclude>
    <ClInclude Include="sokulib\src\FrameData.hpp">
      <Filter>Header Files</Filter>
    </ClInclude>
    <ClInclude Include="sokulib\src\GameObject.hpp">
      <Filter>Header Files</Filter>
    </ClInclude>
    <ClInclude Include="sokulib\src\HandleManager.hpp">
      <Filter>Header Files</Filter>
    </ClInclude>
    <ClInclude Include="sokulib\src\Hash.hpp">
      <Filter>Header Files</Filter>
    </ClInclude>
    <ClInclude Include="sokulib\src\IEffectManager.hpp">
      <Filter>Header Files</Filter>
    </ClInclude>
    <ClInclude Include="sokulib\src\IFileReader.hpp">
      <Filter>Header Files</Filter>
    </ClInclude>
    <ClInclude Include="sokulib\src\InputManager.hpp">
      <Filter>Header Files</Filter>
    </ClInclude>
    <ClInclude Include="sokulib\src\Key.hpp">
      <Filter>Header Files</Filter>
    </ClInclude>
    <ClInclude Include="sokulib\src\KeyCombination.hpp">
      <Filter>Header Files</Filter>
    </ClInclude>
    <ClInclude Include="sokulib\src\LinkedList.hpp">
      <Filter>Header Files</Filter>
    </ClInclude>
    <ClInclude Include="sokulib\src\Map.hpp">
      <Filter>Header Files</Filter>
    </ClInclude>
    <ClInclude Include="sokulib\src\Memory.hpp">
      <Filter>Header Files</Filter>
    </ClInclude>
    <ClInclude Include="sokulib\src\Menus.hpp">
      <Filter>Header Files</Filter>
    </ClInclude>
    <ClInclude Include="sokulib\src\Misc.hpp">
      <Filter>Header Files</Filter>
    </ClInclude>
    <ClInclude Include="sokulib\src\NetObject.hpp">
      <Filter>Header Files</Filter>
    </ClInclude>
    <ClInclude Include="sokulib\src\Packet.hpp">
      <Filter>Header Files</Filter>
    </ClInclude>
    <ClInclude Include="sokulib\src\Player.hpp">
      <Filter>Header Files</Filter>
    </ClInclude>
    <ClInclude Include="sokulib\src\PracticeSettings.hpp">
      <Filter>Header Files</Filter>
    </ClInclude>
    <ClInclude Include="sokulib\src\Profile.hpp">
      <Filter>Header Files</Filter>
    </ClInclude>
    <ClInclude Include="sokulib\src\Renderer.hpp">
      <Filter>Header Files</Filter>
    </ClInclude>
    <ClInclude Include="sokulib\src\SceneCreaters.hpp">
      <Filter>Header Files</Filter>
    </ClInclude>
    <ClInclude Include="sokulib\src\Scenes.hpp">
      <Filter>Header Files</Filter>
    </ClInclude>
    <ClInclude Include="sokulib\src\SceneScript.hpp">
      <Filter>Header Files</Filter>
    </ClInclude>
    <ClInclude Include="sokulib\src\SceneSize.hpp">
      <Filter>Header Files</Filter>
    </ClInclude>
    <ClInclude Include="sokulib\src\SokuAddresses.hpp">
      <Filter>Header Files</Filter>
    </ClInclude>
    <ClInclude Include="sokulib\src\SokuLib.hpp">
      <Filter>Header Files</Filter>
    </ClInclude>
    <ClInclude Include="sokulib\src\SoundData.hpp">
      <Filter>Header Files</Filter>
    </ClInclude>
    <ClInclude Include="sokulib\src\SoundManager.hpp">
      <Filter>Header Files</Filter>
    </ClInclude>
    <ClInclude Include="sokulib\src\Sprite.hpp">
      <Filter>Header Files</Filter>
    </ClInclude>
    <ClInclude Include="sokulib\src\Stack.hpp">
      <Filter>Header Files</Filter>
    </ClInclude>
    <ClInclude Include="sokulib\src\Stage.hpp">
      <Filter>Header Files</Filter>
    </ClInclude>
    <ClInclude Include="sokulib\src\String.hpp">
      <Filter>Header Files</Filter>
    </ClInclude>
    <ClInclude Include="sokulib\src\Tamper.hpp">
      <Filter>Header Files</Filter>
    </ClInclude>
    <ClInclude Include="sokulib\src\TextureManager.hpp">
      <Filter>Header Files</Filter>
    </ClInclude>
    <ClInclude Include="sokulib\src\UnionCast.hpp">
      <Filter>Header Files</Filter>
    </ClInclude>
    <ClInclude Include="sokulib\src\Vector2.hpp">
      <Filter>Header Files</Filter>
    </ClInclude>
    <ClInclude Include="sokulib\src\VTables.hpp">
      <Filter>Header Files</Filter>
    </ClInclude>
    <ClInclude Include="sokulib\src\Weather.hpp">
      <Filter>Header Files</Filter>
    </ClInclude>
    <ClInclude Include="sokulib\src\dlls\D3D9.DLL.hpp">
      <Filter>Header Files</Filter>
    </ClInclude>
    <ClInclude Include="sokulib\src\dlls\D3DX9_33.DLL.hpp">
      <Filter>Header Files</Filter>
    </ClInclude>
    <ClInclude Include="sokulib\src\dlls\DLL.hpp">
      <Filter>Header Files</Filter>
    </ClInclude>
    <ClInclude Include="sokulib\src\dlls\GDI32.DLL.hpp">
      <Filter>Header Files</Filter>
    </ClInclude>
    <ClInclude Include="sokulib\src\dlls\IMAGEHLP.DLL.hpp">
      <Filter>Header Files</Filter>
    </ClInclude>
    <ClInclude Include="sokulib\src\dlls\IMM32.DLL.hpp">
      <Filter>Header Files</Filter>
    </ClInclude>
    <ClInclude Include="sokulib\src\dlls\KERNEL32.DLL.hpp">
      <Filter>Header Files</Filter>
    </ClInclude>
    <ClInclude Include="sokulib\src\dlls\OLE32.DLL.hpp">
      <Filter>Header Files</Filter>
    </ClInclude>
    <ClInclude Include="sokulib\src\dlls\USER32.DLL.hpp">
      <Filter>Header Files</Filter>
    </ClInclude>
    <ClInclude Include="sokulib\src\dlls\WINMM.DLL.hpp">
      <Filter>Header Files</Filter>
    </ClInclude>
    <ClInclude Include="sokulib\src\dlls\WS2_32.DLL.hpp">
      <Filter>Header Files</Filter>
    </ClInclude>
    <ClInclude Include="sokulib\src\menus\ConnectMenu.hpp">
      <Filter>Header Files</Filter>
    </ClInclude>
    <ClInclude Include="sokulib\src\menus\PauseMenu.hpp">
      <Filter>Header Files</Filter>
    </ClInclude>
    <ClInclude Include="sokulib\src\menus\ProfileDeckEdit.hpp">
      <Filter>Header Files</Filter>
    </ClInclude>
    <ClInclude Include="sokulib\src\menus\ResultMenu.hpp">
      <Filter>Header Files</Filter>
    </ClInclude>
    <ClInclude Include="src\resource.h">
      <Filter>Header Files</Filter>
    </ClInclude>
  </ItemGroup>
  <ItemGroup>
    <None Include="sokulib\directx\d3dx9math.inl">
      <Filter>Header Files</Filter>
    </None>
    <None Include="out\build\x64-debug\cmakefiles\3.28.0-msvc1\CMakeDetermineCompilerABI_C.bin">
      <Filter>Resource Files</Filter>
    </None>
    <None Include="out\build\x64-debug\cmakefiles\3.28.0-msvc1\CMakeDetermineCompilerABI_CXX.bin">
      <Filter>Resource Files</Filter>
    </None>
  </ItemGroup>
  <ItemGroup>
    <ResourceCompile Include="src\version.rc">
      <Filter>Resource Files</Filter>
    </ResourceCompile>
  </ItemGroup>
</Project>